
Microsoft Visual Studio Solution File, Format Version 12.00
Project("{FAE04EC0-301F-11D3-BF4B-00C04F79EFBC}") = "MealDB", "src\MealDB\MealDB.csproj", "{2DE17C21-675B-4A38-A2E2-67739C32810D}"
EndProject
Global
	GlobalSection(SolutionConfigurationPlatforms) = preSolution
		Debug|Any CPU = Debug|Any CPU
		Release|Any CPU = Release|Any CPU
	EndGlobalSection
	GlobalSection(ProjectConfigurationPlatforms) = postSolution
		{2DE17C21-675B-4A38-A2E2-67739C32810D}.Debug|Any CPU.ActiveCfg = Debug|Any CPU
		{2DE17C21-675B-4A38-A2E2-67739C32810D}.Debug|Any CPU.Build.0 = Debug|Any CPU
		{2DE17C21-675B-4A38-A2E2-67739C32810D}.Release|Any CPU.ActiveCfg = Release|Any CPU
		{2DE17C21-675B-4A38-A2E2-67739C32810D}.Release|Any CPU.Build.0 = Release|Any CPU
	EndGlobalSection
EndGlobal
